{
  "originHash" : "5c68ad41f680c70200979643b1ff2014ce30894c6a6481ae35a43d71cc8dd578",
  "pins" : [
    {
      "identity" : "biguipaging",
      "kind" : "remoteSourceControl",
      "location" : "https://github.com/notsobigcompany/BigUIPaging",
      "state" : {
        "revision" : "40fa6e1683bd47b962e216c05377bfd1b8f760de",
        "version" : "0.0.3"
      }
    },
    {
      "identity" : "kingfisher",
      "kind" : "remoteSourceControl",
      "location" : "https://github.com/onevcat/Kingfisher",
      "state" : {
        "revision" : "c0940e241945e6378c01fbd45fd3815579d47ef5",
        "version" : "8.1.0"
      }
    }
  ],
  "version" : 3
}
